
Microsoft Visual Studio Solution File, Format Version 12.00
# Visual Studio 15
VisualStudioVersion = 15.0.27703.2042
MinimumVisualStudioVersion = 10.0.40219.1
Project("{FAE04EC0-301F-11D3-BF4B-00C04F79EFBC}") = "DemoViews.Android", "DemoViews\DemoViews.Android\DemoViews.Android.csproj", "{258EFBFF-C3E9-41C4-BB3D-7058F84837E8}"
EndProject
Project("{FAE04EC0-301F-11D3-BF4B-00C04F79EFBC}") = "DemoViews.iOS", "DemoViews\DemoViews.iOS\DemoViews.iOS.csproj", "{B5078CFC-9269-4841-9FC3-414D63FA83D3}"
EndProject
Project("{FAE04EC0-301F-11D3-BF4B-00C04F79EFBC}") = "DemoViews", "DemoViews\DemoViews\DemoViews.csproj", "{0DCE86BD-B961-4F28-BF09-B19470EBD672}"
EndProject
Global
	GlobalSection(SolutionConfigurationPlatforms) = preSolution
		Ad-Hoc|Any CPU = Ad-Hoc|Any CPU
		Ad-Hoc|iPhone = Ad-Hoc|iPhone
		Ad-Hoc|iPhoneSimulator = Ad-Hoc|iPhoneSimulator
		AppStore|Any CPU = AppStore|Any CPU
		AppStore|iPhone = AppStore|iPhone
		AppStore|iPhoneSimulator = AppStore|iPhoneSimulator
		Debug|Any CPU = Debug|Any CPU
		Debug|iPhone = Debug|iPhone
		Debug|iPhoneSimulator = Debug|iPhoneSimulator
		Release|Any CPU = Release|Any CPU
		Release|iPhone = Release|iPhone
		Release|iPhoneSimulator = Release|iPhoneSimulator
	EndGlobalSection
	GlobalSection(ProjectConfigurationPlatforms) = postSolution
		{258EFBFF-C3E9-41C4-BB3D-7058F84837E8}.Ad-Hoc|Any CPU.ActiveCfg = Release|Any CPU
		{258EFBFF-C3E9-41C4-BB3D-7058F84837E8}.Ad-Hoc|Any CPU.Build.0 = Release|Any CPU
		{258EFBFF-C3E9-41C4-BB3D-7058F84837E8}.Ad-Hoc|Any CPU.Deploy.0 = Release|Any CPU
		{258EFBFF-C3E9-41C4-BB3D-7058F84837E8}.Ad-Hoc|iPhone.ActiveCfg = Release|Any CPU
		{258EFBFF-C3E9-41C4-BB3D-7058F84837E8}.Ad-Hoc|iPhone.Build.0 = Release|Any CPU
		{258EFBFF-C3E9-41C4-BB3D-7058F84837E8}.Ad-Hoc|iPhone.Deploy.0 = Release|Any CPU
		{258EFBFF-C3E9-41C4-BB3D-7058F84837E8}.Ad-Hoc|iPhoneSimulator.ActiveCfg = Release|Any CPU
		{258EFBFF-C3E9-41C4-BB3D-7058F84837E8}.Ad-Hoc|iPhoneSimulator.Build.0 = Release|Any CPU
		{258EFBFF-C3E9-41C4-BB3D-7058F84837E8}.Ad-Hoc|iPhoneSimulator.Deploy.0 = Release|Any CPU
		{258EFBFF-C3E9-41C4-BB3D-7058F84837E8}.AppStore|Any CPU.ActiveCfg = Release|Any CPU
		{258EFBFF-C3E9-41C4-BB3D-7058F84837E8}.AppStore|Any CPU.Build.0 = Release|Any CPU
		{258EFBFF-C3E9-41C4-BB3D-7058F84837E8}.AppStore|Any CPU.Deploy.0 = Release|Any CPU
		{258EFBFF-C3E9-41C4-BB3D-7058F84837E8}.AppStore|iPhone.ActiveCfg = Release|Any CPU
		{258EFBFF-C3E9-41C4-BB3D-7058F84837E8}.AppStore|iPhone.Build.0 = Release|Any CPU
		{258EFBFF-C3E9-41C4-BB3D-7058F84837E8}.AppStore|iPhone.Deploy.0 = Release|Any CPU
		{258EFBFF-C3E9-41C4-BB3D-7058F84837E8}.AppStore|iPhoneSimulator.ActiveCfg = Release|Any CPU
		{258EFBFF-C3E9-41C4-BB3D-7058F84837E8}.AppStore|iPhoneSimulator.Build.0 = Release|Any CPU
		{258EFBFF-C3E9-41C4-BB3D-7058F84837E8}.AppStore|iPhoneSimulator.Deploy.0 = Release|Any CPU
		{258EFBFF-C3E9-41C4-BB3D-7058F84837E8}.Debug|Any CPU.ActiveCfg = Debug|Any CPU
		{258EFBFF-C3E9-41C4-BB3D-7058F84837E8}.Debug|Any CPU.Build.0 = Debug|Any CPU
		{258EFBFF-C3E9-41C4-BB3D-7058F84837E8}.Debug|Any CPU.Deploy.0 = Debug|Any CPU
		{258EFBFF-C3E9-41C4-BB3D-7058F84837E8}.Debug|iPhone.ActiveCfg = Debug|Any CPU
		{258EFBFF-C3E9-41C4-BB3D-7058F84837E8}.Debug|iPhone.Build.0 = Debug|Any CPU
		{258EFBFF-C3E9-41C4-BB3D-7058F84837E8}.Debug|iPhone.Deploy.0 = Debug|Any CPU
		{258EFBFF-C3E9-41C4-BB3D-7058F84837E8}.Debug|iPhoneSimulator.ActiveCfg = Debug|Any CPU
		{258EFBFF-C3E9-41C4-BB3D-7058F84837E8}.Debug|iPhoneSimulator.Build.0 = Debug|Any CPU
		{258EFBFF-C3E9-41C4-BB3D-7058F84837E8}.Debug|iPhoneSimulator.Deploy.0 = Debug|Any CPU
		{258EFBFF-C3E9-41C4-BB3D-7058F84837E8}.Release|Any CPU.ActiveCfg = Release|Any CPU
		{258EFBFF-C3E9-41C4-BB3D-7058F84837E8}.Release|Any CPU.Build.0 = Release|Any CPU
		{258EFBFF-C3E9-41C4-BB3D-7058F84837E8}.Release|Any CPU.Deploy.0 = Release|Any CPU
		{258EFBFF-C3E9-41C4-BB3D-7058F84837E8}.Release|iPhone.ActiveCfg = Release|Any CPU
		{258EFBFF-C3E9-41C4-BB3D-7058F84837E8}.Release|iPhone.Build.0 = Release|Any CPU
		{258EFBFF-C3E9-41C4-BB3D-7058F84837E8}.Release|iPhone.Deploy.0 = Release|Any CPU
		{258EFBFF-C3E9-41C4-BB3D-7058F84837E8}.Release|iPhoneSimulator.ActiveCfg = Release|Any CPU
		{258EFBFF-C3E9-41C4-BB3D-7058F84837E8}.Release|iPhoneSimulator.Build.0 = Release|Any CPU
		{258EFBFF-C3E9-41C4-BB3D-7058F84837E8}.Release|iPhoneSimulator.Deploy.0 = Release|Any CPU
		{B5078CFC-9269-4841-9FC3-414D63FA83D3}.Ad-Hoc|Any CPU.ActiveCfg = Ad-Hoc|iPhone
		{B5078CFC-9269-4841-9FC3-414D63FA83D3}.Ad-Hoc|Any CPU.Build.0 = Ad-Hoc|iPhone
		{B5078CFC-9269-4841-9FC3-414D63FA83D3}.Ad-Hoc|Any CPU.Deploy.0 = Ad-Hoc|iPhone
		{B5078CFC-9269-4841-9FC3-414D63FA83D3}.Ad-Hoc|iPhone.ActiveCfg = Ad-Hoc|iPhone
		{B5078CFC-9269-4841-9FC3-414D63FA83D3}.Ad-Hoc|iPhone.Build.0 = Ad-Hoc|iPhone
		{B5078CFC-9269-4841-9FC3-414D63FA83D3}.Ad-Hoc|iPhone.Deploy.0 = Ad-Hoc|iPhone
		{B5078CFC-9269-4841-9FC3-414D63FA83D3}.Ad-Hoc|iPhoneSimulator.ActiveCfg = Ad-Hoc|iPhoneSimulator
		{B5078CFC-9269-4841-9FC3-414D63FA83D3}.Ad-Hoc|iPhoneSimulator.Build.0 = Ad-Hoc|iPhoneSimulator
		{B5078CFC-9269-4841-9FC3-414D63FA83D3}.Ad-Hoc|iPhoneSimulator.Deploy.0 = Ad-Hoc|iPhoneSimulator
		{B5078CFC-9269-4841-9FC3-414D63FA83D3}.AppStore|Any CPU.ActiveCfg = AppStore|iPhone
		{B5078CFC-9269-4841-9FC3-414D63FA83D3}.AppStore|Any CPU.Build.0 = AppStore|iPhone
		{B5078CFC-9269-4841-9FC3-414D63FA83D3}.AppStore|Any CPU.Deploy.0 = AppStore|iPhone
		{B5078CFC-9269-4841-9FC3-414D63FA83D3}.AppStore|iPhone.ActiveCfg = AppStore|iPhone
		{B5078CFC-9269-4841-9FC3-414D63FA83D3}.AppStore|iPhone.Build.0 = AppStore|iPhone
		{B5078CFC-9269-4841-9FC3-414D63FA83D3}.AppStore|iPhone.Deploy.0 = AppStore|iPhone
		{B5078CFC-9269-4841-9FC3-414D63FA83D3}.AppStore|iPhoneSimulator.ActiveCfg = AppStore|iPhoneSimulator
		{B5078CFC-9269-4841-9FC3-414D63FA83D3}.AppStore|iPhoneSimulator.Build.0 = AppStore|iPhoneSimulator
		{B5078CFC-9269-4841-9FC3-414D63FA83D3}.AppStore|iPhoneSimulator.Deploy.0 = AppStore|iPhoneSimulator
		{B5078CFC-9269-4841-9FC3-414D63FA83D3}.Debug|Any CPU.ActiveCfg = Debug|iPhoneSimulator
		{B5078CFC-9269-4841-9FC3-414D63FA83D3}.Debug|Any CPU.Build.0 = Debug|iPhoneSimulator
		{B5078CFC-9269-4841-9FC3-414D63FA83D3}.Debug|Any CPU.Deploy.0 = Debug|iPhoneSimulator
		{B5078CFC-9269-4841-9FC3-414D63FA83D3}.Debug|iPhone.ActiveCfg = Debug|iPhone
		{B5078CFC-9269-4841-9FC3-414D63FA83D3}.Debug|iPhone.Build.0 = Debug|iPhone
		{B5078CFC-9269-4841-9FC3-414D63FA83D3}.Debug|iPhone.Deploy.0 = Debug|iPhone
		{B5078CFC-9269-4841-9FC3-414D63FA83D3}.Debug|iPhoneSimulator.ActiveCfg = Debug|iPhoneSimulator
		{B5078CFC-9269-4841-9FC3-414D63FA83D3}.Debug|iPhoneSimulator.Build.0 = Debug|iPhoneSimulator
		{B5078CFC-9269-4841-9FC3-414D63FA83D3}.Debug|iPhoneSimulator.Deploy.0 = Debug|iPhoneSimulator
		{B5078CFC-9269-4841-9FC3-414D63FA83D3}.Release|Any CPU.ActiveCfg = Release|iPhone
		{B5078CFC-9269-4841-9FC3-414D63FA83D3}.Release|Any CPU.Build.0 = Release|iPhone
		{B5078CFC-9269-4841-9FC3-414D63FA83D3}.Release|Any CPU.Deploy.0 = Release|iPhone
		{B5078CFC-9269-4841-9FC3-414D63FA83D3}.Release|iPhone.ActiveCfg = Release|iPhone
		{B5078CFC-9269-4841-9FC3-414D63FA83D3}.Release|iPhone.Build.0 = Release|iPhone
		{B5078CFC-9269-4841-9FC3-414D63FA83D3}.Release|iPhone.Deploy.0 = Release|iPhone
		{B5078CFC-9269-4841-9FC3-414D63FA83D3}.Release|iPhoneSimulator.ActiveCfg = Release|iPhoneSimulator
		{B5078CFC-9269-4841-9FC3-414D63FA83D3}.Release|iPhoneSimulator.Build.0 = Release|iPhoneSimulator
		{B5078CFC-9269-4841-9FC3-414D63FA83D3}.Release|iPhoneSimulator.Deploy.0 = Release|iPhoneSimulator
		{0DCE86BD-B961-4F28-BF09-B19470EBD672}.Ad-Hoc|Any CPU.ActiveCfg = Debug|Any CPU
		{0DCE86BD-B961-4F28-BF09-B19470EBD672}.Ad-Hoc|Any CPU.Build.0 = Debug|Any CPU
		{0DCE86BD-B961-4F28-BF09-B19470EBD672}.Ad-Hoc|Any CPU.Deploy.0 = Debug|Any CPU
		{0DCE86BD-B961-4F28-BF09-B19470EBD672}.Ad-Hoc|iPhone.ActiveCfg = Debug|Any CPU
		{0DCE86BD-B961-4F28-BF09-B19470EBD672}.Ad-Hoc|iPhone.Build.0 = Debug|Any CPU
		{0DCE86BD-B961-4F28-BF09-B19470EBD672}.Ad-Hoc|iPhone.Deploy.0 = Debug|Any CPU
		{0DCE86BD-B961-4F28-BF09-B19470EBD672}.Ad-Hoc|iPhoneSimulator.ActiveCfg = Debug|Any CPU
		{0DCE86BD-B961-4F28-BF09-B19470EBD672}.Ad-Hoc|iPhoneSimulator.Build.0 = Debug|Any CPU
		{0DCE86BD-B961-4F28-BF09-B19470EBD672}.Ad-Hoc|iPhoneSimulator.Deploy.0 = Debug|Any CPU
		{0DCE86BD-B961-4F28-BF09-B19470EBD672}.AppStore|Any CPU.ActiveCfg = Debug|Any CPU
		{0DCE86BD-B961-4F28-BF09-B19470EBD672}.AppStore|Any CPU.Build.0 = Debug|Any CPU
		{0DCE86BD-B961-4F28-BF09-B19470EBD672}.AppStore|Any CPU.Deploy.0 = Debug|Any CPU
		{0DCE86BD-B961-4F28-BF09-B19470EBD672}.AppStore|iPhone.ActiveCfg = Debug|Any CPU
		{0DCE86BD-B961-4F28-BF09-B19470EBD672}.AppStore|iPhone.Build.0 = Debug|Any CPU
		{0DCE86BD-B961-4F28-BF09-B19470EBD672}.AppStore|iPhone.Deploy.0 = Debug|Any CPU
		{0DCE86BD-B961-4F28-BF09-B19470EBD672}.AppStore|iPhoneSimulator.ActiveCfg = Debug|Any CPU
		{0DCE86BD-B961-4F28-BF09-B19470EBD672}.AppStore|iPhoneSimulator.Build.0 = Debug|Any CPU
		{0DCE86BD-B961-4F28-BF09-B19470EBD672}.AppStore|iPhoneSimulator.Deploy.0 = Debug|Any CPU
		{0DCE86BD-B961-4F28-BF09-B19470EBD672}.Debug|Any CPU.ActiveCfg = Debug|Any CPU
		{0DCE86BD-B961-4F28-BF09-B19470EBD672}.Debug|Any CPU.Build.0 = Debug|Any CPU
		{0DCE86BD-B961-4F28-BF09-B19470EBD672}.Debug|Any CPU.Deploy.0 = Debug|Any CPU
		{0DCE86BD-B961-4F28-BF09-B19470EBD672}.Debug|iPhone.ActiveCfg = Debug|Any CPU
		{0DCE86BD-B961-4F28-BF09-B19470EBD672}.Debug|iPhone.Build.0 = Debug|Any CPU
		{0DCE86BD-B961-4F28-BF09-B19470EBD672}.Debug|iPhone.Deploy.0 = Debug|Any CPU
		{0DCE86BD-B961-4F28-BF09-B19470EBD672}.Debug|iPhoneSimulator.ActiveCfg = Debug|Any CPU
		{0DCE86BD-B961-4F28-BF09-B19470EBD672}.Debug|iPhoneSimulator.Build.0 = Debug|Any CPU
		{0DCE86BD-B961-4F28-BF09-B19470EBD672}.Debug|iPhoneSimulator.Deploy.0 = Debug|Any CPU
		{0DCE86BD-B961-4F28-BF09-B19470EBD672}.Release|Any CPU.ActiveCfg = Release|Any CPU
		{0DCE86BD-B961-4F28-BF09-B19470EBD672}.Release|Any CPU.Build.0 = Release|Any CPU
		{0DCE86BD-B961-4F28-BF09-B19470EBD672}.Release|Any CPU.Deploy.0 = Release|Any CPU
		{0DCE86BD-B961-4F28-BF09-B19470EBD672}.Release|iPhone.ActiveCfg = Release|Any CPU
		{0DCE86BD-B961-4F28-BF09-B19470EBD672}.Release|iPhone.Build.0 = Release|Any CPU
		{0DCE86BD-B961-4F28-BF09-B19470EBD672}.Release|iPhone.Deploy.0 = Release|Any CPU
		{0DCE86BD-B961-4F28-BF09-B19470EBD672}.Release|iPhoneSimulator.ActiveCfg = Release|Any CPU
		{0DCE86BD-B961-4F28-BF09-B19470EBD672}.Release|iPhoneSimulator.Build.0 = Release|Any CPU
		{0DCE86BD-B961-4F28-BF09-B19470EBD672}.Release|iPhoneSimulator.Deploy.0 = Release|Any CPU
	EndGlobalSection
	GlobalSection(SolutionProperties) = preSolution
		HideSolutionNode = FALSE
	EndGlobalSection
	GlobalSection(ExtensibilityGlobals) = postSolution
		SolutionGuid = {9503A5C1-6D36-4B5D-BBB8-41A853C02881}
	EndGlobalSection
EndGlobal
